// !$*UTF8*$!
{
	archiveVersion = 1;
	classes = {
	};
	objectVersion = 46;
	objects = {

/* Begin PBXBuildFile section */
		B9549BC71C55593D0060B83B /* AppDelegate.swift in Sources */ = {isa = PBXBuildFile; fileRef = B9549BC61C55593D0060B83B /* AppDelegate.swift */; };
		B9549BC91C55593D0060B83B /* ViewController.swift in Sources */ = {isa = PBXBuildFile; fileRef = B9549BC81C55593D0060B83B /* ViewController.swift */; };
		B9549BCC1C55593D0060B83B /* Main.storyboard in Resources */ = {isa = PBXBuildFile; fileRef = B9549BCA1C55593D0060B83B /* Main.storyboard */; };
		B9549BCE1C55593D0060B83B /* Assets.xcassets in Resources */ = {isa = PBXBuildFile; fileRef = B9549BCD1C55593D0060B83B /* Assets.xcassets */; };
		B9549BD11C55593D0060B83B /* LaunchScreen.storyboard in Resources */ = {isa = PBXBuildFile; fileRef = B9549BCF1C55593D0060B83B /* LaunchScreen.storyboard */; };
		B9549BDC1C55593E0060B83B /* GarageDoorOpenerTests.swift in Sources */ = {isa = PBXBuildFile; fileRef = B9549BDB1C55593E0060B83B /* GarageDoorOpenerTests.swift */; };
		B9549BE71C55593E0060B83B /* GarageDoorOpenerUITests.swift in Sources */ = {isa = PBXBuildFile; fileRef = B9549BE61C55593E0060B83B /* GarageDoorOpenerUITests.swift */; };
/* End PBXBuildFile section */

/* Begin PBXContainerItemProxy section */
		B9549BD81C55593D0060B83B /* PBXContainerItemProxy */ = {
			isa = PBXContainerItemProxy;
			containerPortal = B9549BBB1C55593D0060B83B /* Project object */;
			proxyType = 1;
			remoteGlobalIDString = B9549BC21C55593D0060B83B;
			remoteInfo = GarageDoorOpener;
		};
		B9549BE31C55593E0060B83B /* PBXContainerItemProxy */ = {
			isa = PBXContainerItemProxy;
			containerPortal = B9549BBB1C55593D0060B83B /* Project object */;
			proxyType = 1;
			remoteGlobalIDString = B9549BC21C55593D0060B83B;
			remoteInfo = GarageDoorOpener;
		};
/* End PBXContainerItemProxy section */

/* Begin PBXFileReference section */
		B9549BC31C55593D0060B83B /* GarageDoorOpener.app */ = {isa = PBXFileReference; explicitFileType = wrapper.application; includeInIndex = 0; path = GarageDoorOpener.app; sourceTree = BUILT_PRODUCTS_DIR; };
		B9549BC61C55593D0060B83B /* AppDelegate.swift */ = {isa = PBXFileReference; lastKnownFileType = sourcecode.swift; path = AppDelegate.swift; sourceTree = "<group>"; };
		B9549BC81C55593D0060B83B /* ViewController.swift */ = {isa = PBXFileReference; lastKnownFileType = sourcecode.swift; path = ViewController.swift; sourceTree = "<group>"; };
		B9549BCB1C55593D0060B83B /* Base */ = {isa = PBXFileReference; lastKnownFileType = file.storyboard; name = Base; path = Base.lproj/Main.storyboard; sourceTree = "<group>"; };
		B9549BCD1C55593D0060B83B /* Assets.xcassets */ = {isa = PBXFileReference; lastKnownFileType = folder.assetcatalog; path = Assets.xcassets; sourceTree = "<group>"; };
		B9549BD01C55593D0060B83B /* Base */ = {isa = PBXFileReference; lastKnownFileType = file.storyboard; name = Base; path = Base.lproj/LaunchScreen.storyboard; sourceTree = "<group>"; };
		B9549BD21C55593D0060B83B /* Info.plist */ = {isa = PBXFileReference; lastKnownFileType = text.plist.xml; path = Info.plist; sourceTree = "<group>"; };
		B9549BD71C55593D0060B83B /* GarageDoorOpenerTests.xctest */ = {isa = PBXFileReference; explicitFileType = wrapper.cfbundle; includeInIndex = 0; path = GarageDoorOpenerTests.xctest; sourceTree = BUILT_PRODUCTS_DIR; };
		B9549BDB1C55593E0060B83B /* GarageDoorOpenerTests.swift */ = {isa = PBXFileReference; lastKnownFileType = sourcecode.swift; path = GarageDoorOpenerTests.swift; sourceTree = "<group>"; };
		B9549BDD1C55593E0060B83B /* Info.plist */ = {isa = PBXFileReference; lastKnownFileType = text.plist.xml; path = Info.plist; sourceTree = "<group>"; };
		B9549BE21C55593E0060B83B /* GarageDoorOpenerUITests.xctest */ = {isa = PBXFileReference; explicitFileType = wrapper.cfbundle; includeInIndex = 0; path = GarageDoorOpenerUITests.xctest; sourceTree = BUILT_PRODUCTS_DIR; };
		B9549BE61C55593E0060B83B /* GarageDoorOpenerUITests.swift */ = {isa = PBXFileReference; lastKnownFileType = sourcecode.swift; path = GarageDoorOpenerUITests.swift; sourceTree = "<group>"; };
		B9549BE81C55593E0060B83B /* Info.plist */ = {isa = PBXFileReference; lastKnownFileType = text.plist.xml; path = Info.plist; sourceTree = "<group>"; };
/* End PBXFileReference section */

/* Begin PBXFrameworksBuildPhase section */
		B9549BC01C55593D0060B83B /* Frameworks */ = {
			isa = PBXFrameworksBuildPhase;
			buildActionMask = 2147483647;
			files = (
			);
			runOnlyForDeploymentPostprocessing = 0;
		};
		B9549BD41C55593D0060B83B /* Frameworks */ = {
			isa = PBXFrameworksBuildPhase;
			buildActionMask = 2147483647;
			files = (
			);
			runOnlyForDeploymentPostprocessing = 0;
		};
		B9549BDF1C55593E0060B83B /* Frameworks */ = {
			isa = PBXFrameworksBuildPhase;
			buildActionMask = 2147483647;
			files = (
			);
			runOnlyForDeploymentPostprocessing = 0;
		};
/* End PBXFrameworksBuildPhase section */

/* Begin PBXGroup section */
		B9549BBA1C55593D0060B83B = {
			isa = PBXGroup;
			children = (
				B9549BC51C55593D0060B83B /* GarageDoorOpener */,
				B9549BDA1C55593D0060B83B /* GarageDoorOpenerTests */,
				B9549BE51C55593E0060B83B /* GarageDoorOpenerUITests */,
				B9549BC41C55593D0060B83B /* Products */,
			);
			sourceTree = "<group>";
		};
		B9549BC41C55593D0060B83B /* Products */ = {
			isa = PBXGroup;
			children = (
				B9549BC31C55593D0060B83B /* GarageDoorOpener.app */,
				B9549BD71C55593D0060B83B /* GarageDoorOpenerTests.xctest */,
				B9549BE21C55593E0060B83B /* GarageDoorOpenerUITests.xctest */,
			);
			name = Products;
			sourceTree = "<group>";
		};
		B9549BC51C55593D0060B83B /* GarageDoorOpener */ = {
			isa = PBXGroup;
			children = (
				B9549BC61C55593D0060B83B /* AppDelegate.swift */,
				B9549BC81C55593D0060B83B /* ViewController.swift */,
				B9549BCA1C55593D0060B83B /* Main.storyboard */,
				B9549BCD1C55593D0060B83B /* Assets.xcassets */,
				B9549BCF1C55593D0060B83B /* LaunchScreen.storyboard */,
				B9549BD21C55593D0060B83B /* Info.plist */,
			);
			path = GarageDoorOpener;
			sourceTree = "<group>";
		};
		B9549BDA1C55593D0060B83B /* GarageDoorOpenerTests */ = {
			isa = PBXGroup;
			children = (
				B9549BDB1C55593E0060B83B /* GarageDoorOpenerTests.swift */,
				B9549BDD1C55593E0060B83B /* Info.plist */,
			);
			path = GarageDoorOpenerTests;
			sourceTree = "<group>";
		};
		B9549BE51C55593E0060B83B /* GarageDoorOpenerUITests */ = {
			isa = PBXGroup;
			children = (
				B9549BE61C55593E0060B83B /* GarageDoorOpenerUITests.swift */,
				B9549BE81C55593E0060B83B /* Info.plist */,
			);
			path = GarageDoorOpenerUITests;
			sourceTree = "<group>";
		};
/* End PBXGroup section */

/* Begin PBXNativeTarget section */
		B9549BC21C55593D0060B83B /* GarageDoorOpener */ = {
			isa = PBXNativeTarget;
			buildConfigurationList = B9549BEB1C55593E0060B83B /* Build configuration list for PBXNativeTarget "GarageDoorOpener" */;
			buildPhases = (
				B9549BBF1C55593D0060B83B /* Sources */,
				B9549BC01C55593D0060B83B /* Frameworks */,
				B9549BC11C55593D0060B83B /* Resources */,
			);
			buildRules = (
			);
			dependencies = (
			);
			name = GarageDoorOpener;
			productName = GarageDoorOpener;
			productReference = B9549BC31C55593D0060B83B /* GarageDoorOpener.app */;
			productType = "com.apple.product-type.application";
		};
		B9549BD61C55593D0060B83B /* GarageDoorOpenerTests */ = {
			isa = PBXNativeTarget;
			buildConfigurationList = B9549BEE1C55593E0060B83B /* Build configuration list for PBXNativeTarget "GarageDoorOpenerTests" */;
			buildPhases = (
				B9549BD31C55593D0060B83B /* Sources */,
				B9549BD41C55593D0060B83B /* Frameworks */,
				B9549BD51C55593D0060B83B /* Resources */,
			);
			buildRules = (
			);
			dependencies = (
				B9549BD91C55593D0060B83B /* PBXTargetDependency */,
			);
			name = GarageDoorOpenerTests;
			productName = GarageDoorOpenerTests;
			productReference = B9549BD71C55593D0060B83B /* GarageDoorOpenerTests.xctest */;
			productType = "com.apple.product-type.bundle.unit-test";
		};
		B9549BE11C55593E0060B83B /* GarageDoorOpenerUITests */ = {
			isa = PBXNativeTarget;
			buildConfigurationList = B9549BF11C55593E0060B83B /* Build configuration list for PBXNativeTarget "GarageDoorOpenerUITests" */;
			buildPhases = (
				B9549BDE1C55593E0060B83B /* Sources */,
				B9549BDF1C55593E0060B83B /* Frameworks */,
				B9549BE01C55593E0060B83B /* Resources */,
			);
			buildRules = (
			);
			dependencies = (
				B9549BE41C55593E0060B83B /* PBXTargetDependency */,
			);
			name = GarageDoorOpenerUITests;
			productName = GarageDoorOpenerUITests;
			productReference = B9549BE21C55593E0060B83B /* GarageDoorOpenerUITests.xctest */;
			productType = "com.apple.product-type.bundle.ui-testing";
		};
/* End PBXNativeTarget section */

/* Begin PBXProject section */
		B9549BBB1C55593D0060B83B /* Project object */ = {
			isa = PBXProject;
			attributes = {
				LastSwiftUpdateCheck = 0720;
				LastUpgradeCheck = 0720;
				ORGANIZATIONNAME = "Justin Barnes";
				TargetAttributes = {
					B9549BC21C55593D0060B83B = {
						CreatedOnToolsVersion = 7.2;
					};
					B9549BD61C55593D0060B83B = {
						CreatedOnToolsVersion = 7.2;
						TestTargetID = B9549BC21C55593D0060B83B;
					};
					B9549BE11C55593E0060B83B = {
						CreatedOnToolsVersion = 7.2;
						TestTargetID = B9549BC21C55593D0060B83B;
					};
				};
			};
			buildConfigurationList = B9549BBE1C55593D0060B83B /* Build configuration list for PBXProject "GarageDoorOpener" */;
			compatibilityVersion = "Xcode 3.2";
			developmentRegion = English;
			hasScannedForEncodings = 0;
			knownRegions = (
				en,
				Base,
			);
			mainGroup = B9549BBA1C55593D0060B83B;
			productRefGroup = B9549BC41C55593D0060B83B /* Products */;
			projectDirPath = "";
			projectRoot = "";
			targets = (
				B9549BC21C55593D0060B83B /* GarageDoorOpener */,
				B9549BD61C55593D0060B83B /* GarageDoorOpenerTests */,
				B9549BE11C55593E0060B83B /* GarageDoorOpenerUITests */,
			);
		};
/* End PBXProject section */

/* Begin PBXResourcesBuildPhase section */
		B9549BC11C55593D0060B83B /* Resources */ = {
			isa = PBXResourcesBuildPhase;
			buildActionMask = 2147483647;
			files = (
				B9549BD11C55593D0060B83B /* LaunchScreen.storyboard in Resources */,
				B9549BCE1C55593D0060B83B /* Assets.xcassets in Resources */,
				B9549BCC1C55593D0060B83B /* Main.storyboard in Resources */,
			);
			runOnlyForDeploymentPostprocessing = 0;
		};
		B9549BD51C55593D0060B83B /* Resources */ = {
			isa = PBXResourcesBuildPhase;
			buildActionMask = 2147483647;
			files = (
			);
			runOnlyForDeploymentPostprocessing = 0;
		};
		B9549BE01C55593E0060B83B /* Resources */ = {
			isa = PBXResourcesBuildPhase;
			buildActionMask = 2147483647;
			files = (
			);
			runOnlyForDeploymentPostprocessing = 0;
		};
/* End PBXResourcesBuildPhase section */

/* Begin PBXSourcesBuildPhase section */
		B9549BBF1C55593D0060B83B /* Sources */ = {
			isa = PBXSourcesBuildPhase;
			buildActionMask = 2147483647;
			files = (
				B9549BC91C55593D0060B83B /* ViewController.swift in Sources */,
				B9549BC71C55593D0060B83B /* AppDelegate.swift in Sources */,
			);
			runOnlyForDeploymentPostprocessing = 0;
		};
		B9549BD31C55593D0060B83B /* Sources */ = {
			isa = PBXSourcesBuildPhase;
			buildActionMask = 2147483647;
			files = (
				B9549BDC1C55593E0060B83B /* GarageDoorOpenerTests.swift in Sources */,
			);
			runOnlyForDeploymentPostprocessing = 0;
		};
		B9549BDE1C55593E0060B83B /* Sources */ = {
			isa = PBXSourcesBuildPhase;
			buildActionMask = 2147483647;
			files = (
				B9549BE71C55593E0060B83B /* GarageDoorOpenerUITests.swift in Sources */,
			);
			runOnlyForDeploymentPostprocessing = 0;
		};
/* End PBXSourcesBuildPhase section */

/* Begin PBXTargetDependency section */
		B9549BD91C55593D0060B83B /* PBXTargetDependency */ = {
			isa = PBXTargetDependency;
			target = B9549BC21C55593D0060B83B /* GarageDoorOpener */;
			targetProxy = B9549BD81C55593D0060B83B /* PBXContainerItemProxy */;
		};
		B9549BE41C55593E0060B83B /* PBXTargetDependency */ = {
			isa = PBXTargetDependency;
			target = B9549BC21C55593D0060B83B /* GarageDoorOpener */;
			targetProxy = B9549BE31C55593E0060B83B /* PBXContainerItemProxy */;
		};
/* End PBXTargetDependency section */

/* Begin PBXVariantGroup section */
		B9549BCA1C55593D0060B83B /* Main.storyboard */ = {
			isa = PBXVariantGroup;
			children = (
				B9549BCB1C55593D0060B83B /* Base */,
			);
			name = Main.storyboard;
			sourceTree = "<group>";
		};
		B9549BCF1C55593D0060B83B /* LaunchScreen.storyboard */ = {
			isa = PBXVariantGroup;
			children = (
				B9549BD01C55593D0060B83B /* Base */,
			);
			name = LaunchScreen.storyboard;
			sourceTree = "<group>";
		};
/* End PBXVariantGroup section */

/* Begin XCBuildConfiguration section */
		B9549BE91C55593E0060B83B /* Debug */ = {
			isa = XCBuildConfiguration;
			buildSettings = {
				ALWAYS_SEARCH_USER_PATHS = NO;
				CLANG_CXX_LANGUAGE_STANDARD = "gnu++0x";
				CLANG_CXX_LIBRARY = "libc++";
				CLANG_ENABLE_MODULES = YES;
				CLANG_ENABLE_OBJC_ARC = YES;
				CLANG_WARN_BOOL_CONVERSION = YES;
				CLANG_WARN_CONSTANT_CONVERSION = YES;
				CLANG_WARN_DIRECT_OBJC_ISA_USAGE = YES_ERROR;
				CLANG_WARN_EMPTY_BODY = YES;
				CLANG_WARN_ENUM_CONVERSION = YES;
				CLANG_WARN_INT_CONVERSION = YES;
				CLANG_WARN_OBJC_ROOT_CLASS = YES_ERROR;
				CLANG_WARN_UNREACHABLE_CODE = YES;
				CLANG_WARN__DUPLICATE_METHOD_MATCH = YES;
				"CODE_SIGN_IDENTITY[sdk=iphoneos*]" = "iPhone Developer";
				COPY_PHASE_STRIP = NO;
				DEBUG_INFORMATION_FORMAT = dwarf;
				ENABLE_STRICT_OBJC_MSGSEND = YES;
				ENABLE_TESTABILITY = YES;
				GCC_C_LANGUAGE_STANDARD = gnu99;
				GCC_DYNAMIC_NO_PIC = NO;
				GCC_NO_COMMON_BLOCKS = YES;
				GCC_OPTIMIZATION_LEVEL = 0;
				GCC_PREPROCESSOR_DEFINITIONS = (
					"DEBUG=1",
					"$(inherited)",
				);
				GCC_WARN_64_TO_32_BIT_CONVERSION = YES;
				GCC_WARN_ABOUT_RETURN_TYPE = YES_ERROR;
				GCC_WARN_UNDECLARED_SELECTOR = YES;
				GCC_WARN_UNINITIALIZED_AUTOS = YES_AGGRESSIVE;
				GCC_WARN_UNUSED_FUNCTION = YES;
				GCC_WARN_UNUSED_VARIABLE = YES;
				IPHONEOS_DEPLOYMENT_TARGET = 9.2;
				MTL_ENABLE_DEBUG_INFO = YES;
				ONLY_ACTIVE_ARCH = YES;
				SDKROOT = iphoneos;
				SWIFT_OPTIMIZATION_LEVEL = "-Onone";
			};
			name = Debug;
		};
		B9549BEA1C55593E0060B83B /* Release */ = {
			isa = XCBuildConfiguration;
			buildSettings = {
				ALWAYS_SEARCH_USER_PATHS = NO;
				CLANG_CXX_LANGUAGE_STANDARD = "gnu++0x";
				CLANG_CXX_LIBRARY = "libc++";
				CLANG_ENABLE_MODULES = YES;
				CLANG_ENABLE_OBJC_ARC = YES;
				CLANG_WARN_BOOL_CONVERSION = YES;
				CLANG_WARN_CONSTANT_CONVERSION = YES;
				CLANG_WARN_DIRECT_OBJC_ISA_USAGE = YES_ERROR;
				CLANG_WARN_EMPTY_BODY = YES;
				CLANG_WARN_ENUM_CONVERSION = YES;
				CLANG_WARN_INT_CONVERSION = YES;
				CLANG_WARN_OBJC_ROOT_CLASS = YES_ERROR;
				CLANG_WARN_UNREACHABLE_CODE = YES;
				CLANG_WARN__DUPLICATE_METHOD_MATCH = YES;
				"CODE_SIGN_IDENTITY[sdk=iphoneos*]" = "iPhone Developer";
				COPY_PHASE_STRIP = NO;
				DEBUG_INFORMATION_FORMAT = "dwarf-with-dsym";
				ENABLE_NS_ASSERTIONS = NO;
				ENABLE_STRICT_OBJC_MSGSEND = YES;
				GCC_C_LANGUAGE_STANDARD = gnu99;
				GCC_NO_COMMON_BLOCKS = YES;
				GCC_WARN_64_TO_32_BIT_CONVERSION = YES;
				GCC_WARN_ABOUT_RETURN_TYPE = YES_ERROR;
				GCC_WARN_UNDECLARED_SELECTOR = YES;
				GCC_WARN_UNINITIALIZED_AUTOS = YES_AGGRESSIVE;
				GCC_WARN_UNUSED_FUNCTION = YES;
				GCC_WARN_UNUSED_VARIABLE = YES;
				IPHONEOS_DEPLOYMENT_TARGET = 9.2;
				MTL_ENABLE_DEBUG_INFO = NO;
				SDKROOT = iphoneos;
				VALIDATE_PRODUCT = YES;
			};
			name = Release;
		};
		B9549BEC1C55593E0060B83B /* Debug */ = {
			isa = XCBuildConfiguration;
			buildSettings = {
				ASSETCATALOG_COMPILER_APPICON_NAME = AppIcon;
				INFOPLIST_FILE = GarageDoorOpener/Info.plist;
				LD_RUNPATH_SEARCH_PATHS = "$(inherited) @executable_path/Frameworks";
				PRODUCT_BUNDLE_IDENTIFIER = com.poll.bar.GarageDoorOpener;
				PRODUCT_NAME = "$(TARGET_NAME)";
			};
			name = Debug;
		};
		B9549BED1C55593E0060B83B /* Release */ = {
			isa = XCBuildConfiguration;
			buildSettings = {
				ASSETCATALOG_COMPILER_APPICON_NAME = AppIcon;
				INFOPLIST_FILE = GarageDoorOpener/Info.plist;
				LD_RUNPATH_SEARCH_PATHS = "$(inherited) @executable_path/Frameworks";
				PRODUCT_BUNDLE_IDENTIFIER = com.poll.bar.GarageDoorOpener;
				PRODUCT_NAME = "$(TARGET_NAME)";
			};
			name = Release;
		};
		B9549BEF1C55593E0060B83B /* Debug */ = {
			isa = XCBuildConfiguration;
			buildSettings = {
				BUNDLE_LOADER = "$(TEST_HOST)";
				INFOPLIST_FILE = GarageDoorOpenerTests/Info.plist;
				LD_RUNPATH_SEARCH_PATHS = "$(inherited) @executable_path/Frameworks @loader_path/Frameworks";
				PRODUCT_BUNDLE_IDENTIFIER = com.poll.bar.GarageDoorOpenerTests;
				PRODUCT_NAME = "$(TARGET_NAME)";
				TEST_HOST = "$(BUILT_PRODUCTS_DIR)/GarageDoorOpener.app/GarageDoorOpener";
			};
			name = Debug;
		};
		B9549BF01C55593E0060B83B /* Release */ = {
			isa = XCBuildConfiguration;
			buildSettings = {
				BUNDLE_LOADER = "$(TEST_HOST)";
				INFOPLIST_FILE = GarageDoorOpenerTests/Info.plist;
				LD_RUNPATH_SEARCH_PATHS = "$(inherited) @executable_path/Frameworks @loader_path/Frameworks";
				PRODUCT_BUNDLE_IDENTIFIER = com.poll.bar.GarageDoorOpenerTests;
				PRODUCT_NAME = "$(TARGET_NAME)";
				TEST_HOST = "$(BUILT_PRODUCTS_DIR)/GarageDoorOpener.app/GarageDoorOpener";
			};
			name = Release;
		};
		B9549BF21C55593E0060B83B /* Debug */ = {
			isa = XCBuildConfiguration;
			buildSettings = {
				INFOPLIST_FILE = GarageDoorOpenerUITests/Info.plist;
				LD_RUNPATH_SEARCH_PATHS = "$(inherited) @executable_path/Frameworks @loader_path/Frameworks";
				PRODUCT_BUNDLE_IDENTIFIER = com.poll.bar.GarageDoorOpenerUITests;
				PRODUCT_NAME = "$(TARGET_NAME)";
				TEST_TARGET_NAME = GarageDoorOpener;
				USES_XCTRUNNER = YES;
			};
			name = Debug;
		};
		B9549BF31C55593E0060B83B /* Release */ = {
			isa = XCBuildConfiguration;
			buildSettings = {
				INFOPLIST_FILE = GarageDoorOpenerUITests/Info.plist;
				LD_RUNPATH_SEARCH_PATHS = "$(inherited) @executable_path/Frameworks @loader_path/Frameworks";
				PRODUCT_BUNDLE_IDENTIFIER = com.poll.bar.GarageDoorOpenerUITests;
				PRODUCT_NAME = "$(TARGET_NAME)";
				TEST_TARGET_NAME = GarageDoorOpener;
				USES_XCTRUNNER = YES;
			};
			name = Release;
		};
/* End XCBuildConfiguration section */

/* Begin XCConfigurationList section */
		B9549BBE1C55593D0060B83B /* Build configuration list for PBXProject "GarageDoorOpener" */ = {
			isa = XCConfigurationList;
			buildConfigurations = (
				B9549BE91C55593E0060B83B /* Debug */,
				B9549BEA1C55593E0060B83B /* Release */,
			);
			defaultConfigurationIsVisible = 0;
			defaultConfigurationName = Release;
		};
		B9549BEB1C55593E0060B83B /* Build configuration list for PBXNativeTarget "GarageDoorOpener" */ = {
			isa = XCConfigurationList;
			buildConfigurations = (
				B9549BEC1C55593E0060B83B /* Debug */,
				B9549BED1C55593E0060B83B /* Release */,
			);
			defaultConfigurationIsVisible = 0;
		};
		B9549BEE1C55593E0060B83B /* Build configuration list for PBXNativeTarget "GarageDoorOpenerTests" */ = {
			isa = XCConfigurationList;
			buildConfigurations = (
				B9549BEF1C55593E0060B83B /* Debug */,
				B9549BF01C55593E0060B83B /* Release */,
			);
			defaultConfigurationIsVisible = 0;
		};
		B9549BF11C55593E0060B83B /* Build configuration list for PBXNativeTarget "GarageDoorOpenerUITests" */ = {
			isa = XCConfigurationList;
			buildConfigurations = (
				B9549BF21C55593E0060B83B /* Debug */,
				B9549BF31C55593E0060B83B /* Release */,
			);
			defaultConfigurationIsVisible = 0;
		};
/* End XCConfigurationList section */
	};
	rootObject = B9549BBB1C55593D0060B83B /* Project object */;
}
